
Microsoft Visual Studio Solution File, Format Version 12.00
# Visual Studio Version 16
VisualStudioVersion = 16.0.30517.126
MinimumVisualStudioVersion = 10.0.40219.1
Project("{8BC9CEB8-8B4A-11D0-8D11-00A0C91BC942}") = "ZI-Lab1", "ZI-Lab1.vcxproj", "{FC17052E-28D8-4358-961F-2B6AC565E540}"
EndProject
Project("{8BC9CEB8-8B4A-11D0-8D11-00A0C91BC942}") = "ZI-Lab1-EvklidUnitTest", "ZI-Lab1-EvklidUnitTest\ZI-Lab1-EvklidUnitTest.vcxproj", "{A0089A68-47B6-46BA-B5E3-D9E0BB595E07}"
EndProject
Project("{8BC9CEB8-8B4A-11D0-8D11-00A0C91BC942}") = "ZI-Lab1-DiffiHellmanUnitTest", "ZI-Lab1-DiffiHellmanUnitTest\ZI-Lab1-DiffiHellmanUnitTest.vcxproj", "{BE9D98B1-8C75-4A2A-9C38-C432AB744B55}"
EndProject
Project("{8BC9CEB8-8B4A-11D0-8D11-00A0C91BC942}") = "ZI-Lab1-BabyStepGiantStepUnitTest", "ZI-Lab1-BabyStepGiantStepUnitTest\ZI-Lab1-BabyStepGiantStepUnitTest.vcxproj", "{105E91E0-437A-486A-ABF9-B6C72F168500}"
EndProject
Project("{8BC9CEB8-8B4A-11D0-8D11-00A0C91BC942}") = "ZI-Lab1-FastPowByModuleUnitTest", "ZI-Lab1-FastPowByModuleUnitTest\ZI-Lab1-FastPowByModuleUnitTest.vcxproj", "{2F0C69BA-03F2-4FFD-8778-6780FCB42ED5}"
EndProject
Global
	GlobalSection(SolutionConfigurationPlatforms) = preSolution
		Debug|x64 = Debug|x64
		Debug|x86 = Debug|x86
		Release|x64 = Release|x64
		Release|x86 = Release|x86
	EndGlobalSection
	GlobalSection(ProjectConfigurationPlatforms) = postSolution
		{FC17052E-28D8-4358-961F-2B6AC565E540}.Debug|x64.ActiveCfg = Debug|x64
		{FC17052E-28D8-4358-961F-2B6AC565E540}.Debug|x64.Build.0 = Debug|x64
		{FC17052E-28D8-4358-961F-2B6AC565E540}.Debug|x86.ActiveCfg = Debug|Win32
		{FC17052E-28D8-4358-961F-2B6AC565E540}.Debug|x86.Build.0 = Debug|Win32
		{FC17052E-28D8-4358-961F-2B6AC565E540}.Release|x64.ActiveCfg = Release|x64
		{FC17052E-28D8-4358-961F-2B6AC565E540}.Release|x64.Build.0 = Release|x64
		{FC17052E-28D8-4358-961F-2B6AC565E540}.Release|x86.ActiveCfg = Release|Win32
		{FC17052E-28D8-4358-961F-2B6AC565E540}.Release|x86.Build.0 = Release|Win32
		{A0089A68-47B6-46BA-B5E3-D9E0BB595E07}.Debug|x64.ActiveCfg = Debug|x64
		{A0089A68-47B6-46BA-B5E3-D9E0BB595E07}.Debug|x64.Build.0 = Debug|x64
		{A0089A68-47B6-46BA-B5E3-D9E0BB595E07}.Debug|x86.ActiveCfg = Debug|Win32
		{A0089A68-47B6-46BA-B5E3-D9E0BB595E07}.Debug|x86.Build.0 = Debug|Win32
		{A0089A68-47B6-46BA-B5E3-D9E0BB595E07}.Release|x64.ActiveCfg = Release|x64
		{A0089A68-47B6-46BA-B5E3-D9E0BB595E07}.Release|x64.Build.0 = Release|x64
		{A0089A68-47B6-46BA-B5E3-D9E0BB595E07}.Release|x86.ActiveCfg = Release|Win32
		{A0089A68-47B6-46BA-B5E3-D9E0BB595E07}.Release|x86.Build.0 = Release|Win32
		{BE9D98B1-8C75-4A2A-9C38-C432AB744B55}.Debug|x64.ActiveCfg = Debug|x64
		{BE9D98B1-8C75-4A2A-9C38-C432AB744B55}.Debug|x64.Build.0 = Debug|x64
		{BE9D98B1-8C75-4A2A-9C38-C432AB744B55}.Debug|x86.ActiveCfg = Debug|Win32
		{BE9D98B1-8C75-4A2A-9C38-C432AB744B55}.Debug|x86.Build.0 = Debug|Win32
		{BE9D98B1-8C75-4A2A-9C38-C432AB744B55}.Release|x64.ActiveCfg = Release|x64
		{BE9D98B1-8C75-4A2A-9C38-C432AB744B55}.Release|x64.Build.0 = Release|x64
		{BE9D98B1-8C75-4A2A-9C38-C432AB744B55}.Release|x86.ActiveCfg = Release|Win32
		{BE9D98B1-8C75-4A2A-9C38-C432AB744B55}.Release|x86.Build.0 = Release|Win32
		{105E91E0-437A-486A-ABF9-B6C72F168500}.Debug|x64.ActiveCfg = Debug|x64
		{105E91E0-437A-486A-ABF9-B6C72F168500}.Debug|x64.Build.0 = Debug|x64
		{105E91E0-437A-486A-ABF9-B6C72F168500}.Debug|x86.ActiveCfg = Debug|Win32
		{105E91E0-437A-486A-ABF9-B6C72F168500}.Debug|x86.Build.0 = Debug|Win32
		{105E91E0-437A-486A-ABF9-B6C72F168500}.Release|x64.ActiveCfg = Release|x64
		{105E91E0-437A-486A-ABF9-B6C72F168500}.Release|x64.Build.0 = Release|x64
		{105E91E0-437A-486A-ABF9-B6C72F168500}.Release|x86.ActiveCfg = Release|Win32
		{105E91E0-437A-486A-ABF9-B6C72F168500}.Release|x86.Build.0 = Release|Win32
		{2F0C69BA-03F2-4FFD-8778-6780FCB42ED5}.Debug|x64.ActiveCfg = Debug|x64
		{2F0C69BA-03F2-4FFD-8778-6780FCB42ED5}.Debug|x64.Build.0 = Debug|x64
		{2F0C69BA-03F2-4FFD-8778-6780FCB42ED5}.Debug|x86.ActiveCfg = Debug|Win32
		{2F0C69BA-03F2-4FFD-8778-6780FCB42ED5}.Debug|x86.Build.0 = Debug|Win32
		{2F0C69BA-03F2-4FFD-8778-6780FCB42ED5}.Release|x64.ActiveCfg = Release|x64
		{2F0C69BA-03F2-4FFD-8778-6780FCB42ED5}.Release|x64.Build.0 = Release|x64
		{2F0C69BA-03F2-4FFD-8778-6780FCB42ED5}.Release|x86.ActiveCfg = Release|Win32
		{2F0C69BA-03F2-4FFD-8778-6780FCB42ED5}.Release|x86.Build.0 = Release|Win32
	EndGlobalSection
	GlobalSection(SolutionProperties) = preSolution
		HideSolutionNode = FALSE
	EndGlobalSection
	GlobalSection(ExtensibilityGlobals) = postSolution
		SolutionGuid = {8E9EDBC2-83AD-46F1-AEC3-9403633F8195}
	EndGlobalSection
EndGlobal
